
Microsoft Visual Studio Solution File, Format Version 12.00
# Visual Studio Version 16
VisualStudioVersion = 16.0.30309.148
MinimumVisualStudioVersion = 10.0.40219.1
Project("{9A19103F-16F7-4668-BE54-9A1E7A4F7556}") = "ConsoleTest", "..\ConsoleTest\ConsoleTest.csproj", "{AED79AAD-22E0-4E89-8141-73280D0ED118}"
EndProject
Project("{FAE04EC0-301F-11D3-BF4B-00C04F79EFBC}") = "DAP_client", "SocketClient\DAP_client.csproj", "{E7590F04-F3F3-440C-90A4-C719959A0935}"
EndProject
Project("{2150E333-8FDC-42A3-9474-1A3956D46DE8}") = "Solution Items", "Solution Items", "{CD05145F-B78A-4ED4-844F-BE7DC9F047D9}"
	ProjectSection(SolutionItems) = preProject
		.editorconfig = .editorconfig
	EndProjectSection
EndProject
Project("{FAE04EC0-301F-11D3-BF4B-00C04F79EFBC}") = "www", "www\www.csproj", "{6656018C-77DC-4FDA-870B-8CF9766A7087}"
EndProject
Project("{FAE04EC0-301F-11D3-BF4B-00C04F79EFBC}") = "DAPEmulator", "DAPEmulator\DAPEmulator.csproj", "{0F9021E6-DED8-470B-90CE-57267E21B05D}"
EndProject
Global
	GlobalSection(SolutionConfigurationPlatforms) = preSolution
		Debug|Any CPU = Debug|Any CPU
		Release|Any CPU = Release|Any CPU
	EndGlobalSection
	GlobalSection(ProjectConfigurationPlatforms) = postSolution
		{AED79AAD-22E0-4E89-8141-73280D0ED118}.Debug|Any CPU.ActiveCfg = Debug|Any CPU
		{AED79AAD-22E0-4E89-8141-73280D0ED118}.Debug|Any CPU.Build.0 = Debug|Any CPU
		{AED79AAD-22E0-4E89-8141-73280D0ED118}.Release|Any CPU.ActiveCfg = Release|Any CPU
		{AED79AAD-22E0-4E89-8141-73280D0ED118}.Release|Any CPU.Build.0 = Release|Any CPU
		{E7590F04-F3F3-440C-90A4-C719959A0935}.Debug|Any CPU.ActiveCfg = Debug|Any CPU
		{E7590F04-F3F3-440C-90A4-C719959A0935}.Debug|Any CPU.Build.0 = Debug|Any CPU
		{E7590F04-F3F3-440C-90A4-C719959A0935}.Release|Any CPU.ActiveCfg = Release|Any CPU
		{E7590F04-F3F3-440C-90A4-C719959A0935}.Release|Any CPU.Build.0 = Release|Any CPU
		{6656018C-77DC-4FDA-870B-8CF9766A7087}.Debug|Any CPU.ActiveCfg = Debug|Any CPU
		{6656018C-77DC-4FDA-870B-8CF9766A7087}.Debug|Any CPU.Build.0 = Debug|Any CPU
		{6656018C-77DC-4FDA-870B-8CF9766A7087}.Release|Any CPU.ActiveCfg = Release|Any CPU
		{6656018C-77DC-4FDA-870B-8CF9766A7087}.Release|Any CPU.Build.0 = Release|Any CPU
		{0F9021E6-DED8-470B-90CE-57267E21B05D}.Debug|Any CPU.ActiveCfg = Debug|Any CPU
		{0F9021E6-DED8-470B-90CE-57267E21B05D}.Debug|Any CPU.Build.0 = Debug|Any CPU
		{0F9021E6-DED8-470B-90CE-57267E21B05D}.Release|Any CPU.ActiveCfg = Release|Any CPU
		{0F9021E6-DED8-470B-90CE-57267E21B05D}.Release|Any CPU.Build.0 = Release|Any CPU
	EndGlobalSection
	GlobalSection(SolutionProperties) = preSolution
		HideSolutionNode = FALSE
	EndGlobalSection
	GlobalSection(ExtensibilityGlobals) = postSolution
		SolutionGuid = {E8428DEB-1074-4185-8B5B-4171446C663F}
	EndGlobalSection
EndGlobal
